
Microsoft Visual Studio Solution File, Format Version 12.00
# Visual Studio 14
VisualStudioVersion = 14.0.24720.0
MinimumVisualStudioVersion = 10.0.40219.1
Project("{F184B08F-C81C-45F6-A57F-5ABD9991F28F}") = "postnummer", "postnummer\postnummer.vbproj", "{FD31B4CC-8C66-4957-BD1A-1A191E9C61B7}"
EndProject
Global
	GlobalSection(SolutionConfigurationPlatforms) = preSolution
		Debug|Any CPU = Debug|Any CPU
		Release|Any CPU = Release|Any CPU
	EndGlobalSection
	GlobalSection(ProjectConfigurationPlatforms) = postSolution
		{FD31B4CC-8C66-4957-BD1A-1A191E9C61B7}.Debug|Any CPU.ActiveCfg = Debug|Any CPU
		{FD31B4CC-8C66-4957-BD1A-1A191E9C61B7}.Debug|Any CPU.Build.0 = Debug|Any CPU
		{FD31B4CC-8C66-4957-BD1A-1A191E9C61B7}.Release|Any CPU.ActiveCfg = Release|Any CPU
		{FD31B4CC-8C66-4957-BD1A-1A191E9C61B7}.Release|Any CPU.Build.0 = Release|Any CPU
	EndGlobalSection
	GlobalSection(SolutionProperties) = preSolution
		HideSolutionNode = FALSE
	EndGlobalSection
EndGlobal
